
Microsoft Visual Studio Solution File, Format Version 12.00
# Visual Studio 14
VisualStudioVersion = 14.0.25420.1
MinimumVisualStudioVersion = 10.0.40219.1
Project("{F2A71F9B-5D33-465A-A702-920D77279786}") = "Core", "Core\Core.fsproj", "{6CC909F9-F95C-4D22-BE11-0EBCD3B75A51}"
EndProject
Project("{F2A71F9B-5D33-465A-A702-920D77279786}") = "Logic", "Logic\Logic.fsproj", "{A6851D83-00F3-4AD3-AF15-53750E097198}"
EndProject
Project("{F2A71F9B-5D33-465A-A702-920D77279786}") = "Math", "Math\Math.fsproj", "{98929076-0CCC-4E88-898B-9C89D1B88303}"
EndProject
Project("{2150E333-8FDC-42A3-9474-1A3956D46DE8}") = "Tests", "Tests", "{8C286D7D-B2C1-42AE-922C-2FC1AACBEC26}"
EndProject
Project("{F2A71F9B-5D33-465A-A702-920D77279786}") = "Math.Tests", "Math.Tests\Math.Tests.fsproj", "{C7051903-04B3-4AA2-89F2-32D36E65FE21}"
EndProject
Project("{F2A71F9B-5D33-465A-A702-920D77279786}") = "Models", "Models\Models.fsproj", "{66402D8E-B21A-4DBF-8B54-348AA6FACEBA}"
EndProject
Global
	GlobalSection(SolutionConfigurationPlatforms) = preSolution
		Debug|Any CPU = Debug|Any CPU
		Release|Any CPU = Release|Any CPU
	EndGlobalSection
	GlobalSection(ProjectConfigurationPlatforms) = postSolution
		{6CC909F9-F95C-4D22-BE11-0EBCD3B75A51}.Debug|Any CPU.ActiveCfg = Debug|Any CPU
		{6CC909F9-F95C-4D22-BE11-0EBCD3B75A51}.Debug|Any CPU.Build.0 = Debug|Any CPU
		{6CC909F9-F95C-4D22-BE11-0EBCD3B75A51}.Release|Any CPU.ActiveCfg = Release|Any CPU
		{6CC909F9-F95C-4D22-BE11-0EBCD3B75A51}.Release|Any CPU.Build.0 = Release|Any CPU
		{A6851D83-00F3-4AD3-AF15-53750E097198}.Debug|Any CPU.ActiveCfg = Debug|Any CPU
		{A6851D83-00F3-4AD3-AF15-53750E097198}.Debug|Any CPU.Build.0 = Debug|Any CPU
		{A6851D83-00F3-4AD3-AF15-53750E097198}.Release|Any CPU.ActiveCfg = Release|Any CPU
		{A6851D83-00F3-4AD3-AF15-53750E097198}.Release|Any CPU.Build.0 = Release|Any CPU
		{98929076-0CCC-4E88-898B-9C89D1B88303}.Debug|Any CPU.ActiveCfg = Debug|Any CPU
		{98929076-0CCC-4E88-898B-9C89D1B88303}.Debug|Any CPU.Build.0 = Debug|Any CPU
		{98929076-0CCC-4E88-898B-9C89D1B88303}.Release|Any CPU.ActiveCfg = Release|Any CPU
		{98929076-0CCC-4E88-898B-9C89D1B88303}.Release|Any CPU.Build.0 = Release|Any CPU
		{C7051903-04B3-4AA2-89F2-32D36E65FE21}.Debug|Any CPU.ActiveCfg = Debug|Any CPU
		{C7051903-04B3-4AA2-89F2-32D36E65FE21}.Debug|Any CPU.Build.0 = Debug|Any CPU
		{C7051903-04B3-4AA2-89F2-32D36E65FE21}.Release|Any CPU.ActiveCfg = Release|Any CPU
		{C7051903-04B3-4AA2-89F2-32D36E65FE21}.Release|Any CPU.Build.0 = Release|Any CPU
		{66402D8E-B21A-4DBF-8B54-348AA6FACEBA}.Debug|Any CPU.ActiveCfg = Debug|Any CPU
		{66402D8E-B21A-4DBF-8B54-348AA6FACEBA}.Debug|Any CPU.Build.0 = Debug|Any CPU
		{66402D8E-B21A-4DBF-8B54-348AA6FACEBA}.Release|Any CPU.ActiveCfg = Release|Any CPU
		{66402D8E-B21A-4DBF-8B54-348AA6FACEBA}.Release|Any CPU.Build.0 = Release|Any CPU
	EndGlobalSection
	GlobalSection(SolutionProperties) = preSolution
		HideSolutionNode = FALSE
	EndGlobalSection
	GlobalSection(NestedProjects) = preSolution
		{C7051903-04B3-4AA2-89F2-32D36E65FE21} = {8C286D7D-B2C1-42AE-922C-2FC1AACBEC26}
	EndGlobalSection
EndGlobal
