
Microsoft Visual Studio Solution File, Format Version 12.00
# Visual Studio 2013
VisualStudioVersion = 12.0.31101.0
MinimumVisualStudioVersion = 10.0.40219.1
Project("{F2A71F9B-5D33-465A-A702-920D77279786}") = "Core", "Core\Core.fsproj", "{6CC909F9-F95C-4D22-BE11-0EBCD3B75A51}"
EndProject
Project("{F2A71F9B-5D33-465A-A702-920D77279786}") = "Test", "Test\Test.fsproj", "{4078F260-A6DA-441D-AEE6-1F813A2CBDA5}"
EndProject
Project("{F2A71F9B-5D33-465A-A702-920D77279786}") = "Playground", "Playground\Playground.fsproj", "{CCB83E99-B139-41C9-9E91-72EF9823789F}"
EndProject
Project("{F2A71F9B-5D33-465A-A702-920D77279786}") = "View", "View\View.fsproj", "{2FA661BF-0291-463E-8CF4-BF87740E84FF}"
EndProject
Global
	GlobalSection(SolutionConfigurationPlatforms) = preSolution
		Debug|Any CPU = Debug|Any CPU
		Release|Any CPU = Release|Any CPU
	EndGlobalSection
	GlobalSection(ProjectConfigurationPlatforms) = postSolution
		{6CC909F9-F95C-4D22-BE11-0EBCD3B75A51}.Debug|Any CPU.ActiveCfg = Debug|Any CPU
		{6CC909F9-F95C-4D22-BE11-0EBCD3B75A51}.Debug|Any CPU.Build.0 = Debug|Any CPU
		{6CC909F9-F95C-4D22-BE11-0EBCD3B75A51}.Release|Any CPU.ActiveCfg = Release|Any CPU
		{6CC909F9-F95C-4D22-BE11-0EBCD3B75A51}.Release|Any CPU.Build.0 = Release|Any CPU
		{4078F260-A6DA-441D-AEE6-1F813A2CBDA5}.Debug|Any CPU.ActiveCfg = Debug|Any CPU
		{4078F260-A6DA-441D-AEE6-1F813A2CBDA5}.Debug|Any CPU.Build.0 = Debug|Any CPU
		{4078F260-A6DA-441D-AEE6-1F813A2CBDA5}.Release|Any CPU.ActiveCfg = Release|Any CPU
		{4078F260-A6DA-441D-AEE6-1F813A2CBDA5}.Release|Any CPU.Build.0 = Release|Any CPU
		{CCB83E99-B139-41C9-9E91-72EF9823789F}.Debug|Any CPU.ActiveCfg = Debug|Any CPU
		{CCB83E99-B139-41C9-9E91-72EF9823789F}.Debug|Any CPU.Build.0 = Debug|Any CPU
		{CCB83E99-B139-41C9-9E91-72EF9823789F}.Release|Any CPU.ActiveCfg = Release|Any CPU
		{CCB83E99-B139-41C9-9E91-72EF9823789F}.Release|Any CPU.Build.0 = Release|Any CPU
		{2FA661BF-0291-463E-8CF4-BF87740E84FF}.Debug|Any CPU.ActiveCfg = Debug|Any CPU
		{2FA661BF-0291-463E-8CF4-BF87740E84FF}.Debug|Any CPU.Build.0 = Debug|Any CPU
		{2FA661BF-0291-463E-8CF4-BF87740E84FF}.Release|Any CPU.ActiveCfg = Release|Any CPU
		{2FA661BF-0291-463E-8CF4-BF87740E84FF}.Release|Any CPU.Build.0 = Release|Any CPU
	EndGlobalSection
	GlobalSection(SolutionProperties) = preSolution
		HideSolutionNode = FALSE
	EndGlobalSection
EndGlobal
